{
  "name": "complisult",
  "version": "1.0.0",
  "lockfileVersion": 1,
  "requires": true,
  "dependencies": {
    "insult-compliment": {
      "version": "1.1.4",
      "resolved": "https://registry.npmjs.org/insult-compliment/-/insult-compliment-1.1.4.tgz",
      "integrity": "sha512-nw0TJRCnxFEMe+OPQKJ03pK7k+o4RSxstOZuFo52MqUlpG1YQK2WOqFIN3cieBpejCZrg3gsvEoAbfX/HGYrGA=="
    }
  }
}
